// !$*UTF8*$!
{
	archiveVersion = 1;
	classes = {
	};
	objectVersion = 46;
	objects = {

/* Begin PBXBuildFile section */
		FFA5681819D0958300520C9D /* AppDelegate.swift in Sources */ = {isa = PBXBuildFile; fileRef = FFA5681719D0958300520C9D /* AppDelegate.swift */; };
		FFA5681A19D0958300520C9D /* ViewController.swift in Sources */ = {isa = PBXBuildFile; fileRef = FFA5681919D0958300520C9D /* ViewController.swift */; };
		FFA5681D19D0958300520C9D /* Main.storyboard in Resources */ = {isa = PBXBuildFile; fileRef = FFA5681B19D0958300520C9D /* Main.storyboard */; };
		FFA5681F19D0958300520C9D /* Images.xcassets in Resources */ = {isa = PBXBuildFile; fileRef = FFA5681E19D0958300520C9D /* Images.xcassets */; };
		FFA5682219D0958300520C9D /* LaunchScreen.xib in Resources */ = {isa = PBXBuildFile; fileRef = FFA5682019D0958300520C9D /* LaunchScreen.xib */; };
		FFA5682E19D0958300520C9D /* ShareUploadSwiftTests.swift in Sources */ = {isa = PBXBuildFile; fileRef = FFA5682D19D0958300520C9D /* ShareUploadSwiftTests.swift */; };
		FFA5684019D0959000520C9D /* ShareViewController.swift in Sources */ = {isa = PBXBuildFile; fileRef = FFA5683F19D0959000520C9D /* ShareViewController.swift */; };
		FFA5684219D0959000520C9D /* MainInterface.storyboard in Resources */ = {isa = PBXBuildFile; fileRef = FFA5684119D0959000520C9D /* MainInterface.storyboard */; };
		FFA5684519D0959000520C9D /* ShareUploadSwiftExt.appex in Embed App Extensions */ = {isa = PBXBuildFile; fileRef = FFA5683B19D0959000520C9D /* ShareUploadSwiftExt.appex */; settings = {ATTRIBUTES = (RemoveHeadersOnCopy, ); }; };
/* End PBXBuildFile section */

/* Begin PBXContainerItemProxy section */
		FFA5682819D0958300520C9D /* PBXContainerItemProxy */ = {
			isa = PBXContainerItemProxy;
			containerPortal = FFA5680A19D0958300520C9D /* Project object */;
			proxyType = 1;
			remoteGlobalIDString = FFA5681119D0958300520C9D;
			remoteInfo = ShareUploadSwift;
		};
		FFA5684319D0959000520C9D /* PBXContainerItemProxy */ = {
			isa = PBXContainerItemProxy;
			containerPortal = FFA5680A19D0958300520C9D /* Project object */;
			proxyType = 1;
			remoteGlobalIDString = FFA5683A19D0959000520C9D;
			remoteInfo = ShareUploadSwiftExt;
		};
		FFA5684619D0959000520C9D /* PBXContainerItemProxy */ = {
			isa = PBXContainerItemProxy;
			containerPortal = FFA5680A19D0958300520C9D /* Project object */;
			proxyType = 1;
			remoteGlobalIDString = FFA5683A19D0959000520C9D;
			remoteInfo = ShareUploadSwiftExt;
		};
/* End PBXContainerItemProxy section */

/* Begin PBXCopyFilesBuildPhase section */
		FFA5684B19D0959000520C9D /* Embed App Extensions */ = {
			isa = PBXCopyFilesBuildPhase;
			buildActionMask = 2147483647;
			dstPath = "";
			dstSubfolderSpec = 13;
			files = (
				FFA5684519D0959000520C9D /* ShareUploadSwiftExt.appex in Embed App Extensions */,
			);
			name = "Embed App Extensions";
			runOnlyForDeploymentPostprocessing = 0;
		};
/* End PBXCopyFilesBuildPhase section */

/* Begin PBXFileReference section */
		FFA5681219D0958300520C9D /* ShareUploadSwift.app */ = {isa = PBXFileReference; explicitFileType = wrapper.application; includeInIndex = 0; path = ShareUploadSwift.app; sourceTree = BUILT_PRODUCTS_DIR; };
		FFA5681619D0958300520C9D /* Info.plist */ = {isa = PBXFileReference; lastKnownFileType = text.plist.xml; path = Info.plist; sourceTree = "<group>"; };
		FFA5681719D0958300520C9D /* AppDelegate.swift */ = {isa = PBXFileReference; lastKnownFileType = sourcecode.swift; path = AppDelegate.swift; sourceTree = "<group>"; };
		FFA5681919D0958300520C9D /* ViewController.swift */ = {isa = PBXFileReference; lastKnownFileType = sourcecode.swift; path = ViewController.swift; sourceTree = "<group>"; };
		FFA5681C19D0958300520C9D /* Base */ = {isa = PBXFileReference; lastKnownFileType = file.storyboard; name = Base; path = Base.lproj/Main.storyboard; sourceTree = "<group>"; };
		FFA5681E19D0958300520C9D /* Images.xcassets */ = {isa = PBXFileReference; lastKnownFileType = folder.assetcatalog; path = Images.xcassets; sourceTree = "<group>"; };
		FFA5682119D0958300520C9D /* Base */ = {isa = PBXFileReference; lastKnownFileType = file.xib; name = Base; path = Base.lproj/LaunchScreen.xib; sourceTree = "<group>"; };
		FFA5682719D0958300520C9D /* ShareUploadSwiftTests.xctest */ = {isa = PBXFileReference; explicitFileType = wrapper.cfbundle; includeInIndex = 0; path = ShareUploadSwiftTests.xctest; sourceTree = BUILT_PRODUCTS_DIR; };
		FFA5682C19D0958300520C9D /* Info.plist */ = {isa = PBXFileReference; lastKnownFileType = text.plist.xml; path = Info.plist; sourceTree = "<group>"; };
		FFA5682D19D0958300520C9D /* ShareUploadSwiftTests.swift */ = {isa = PBXFileReference; lastKnownFileType = sourcecode.swift; path = ShareUploadSwiftTests.swift; sourceTree = "<group>"; };
		FFA5683B19D0959000520C9D /* ShareUploadSwiftExt.appex */ = {isa = PBXFileReference; explicitFileType = "wrapper.app-extension"; includeInIndex = 0; path = ShareUploadSwiftExt.appex; sourceTree = BUILT_PRODUCTS_DIR; };
		FFA5683E19D0959000520C9D /* Info.plist */ = {isa = PBXFileReference; lastKnownFileType = text.plist.xml; path = Info.plist; sourceTree = "<group>"; };
		FFA5683F19D0959000520C9D /* ShareViewController.swift */ = {isa = PBXFileReference; lastKnownFileType = sourcecode.swift; path = ShareViewController.swift; sourceTree = "<group>"; };
		FFA5684119D0959000520C9D /* MainInterface.storyboard */ = {isa = PBXFileReference; lastKnownFileType = file.storyboard; path = MainInterface.storyboard; sourceTree = "<group>"; };
		FFA5684C19D0959F00520C9D /* ShareUploadSwift.entitlements */ = {isa = PBXFileReference; lastKnownFileType = text.xml; path = ShareUploadSwift.entitlements; sourceTree = "<group>"; };
		FFA5684D19D095B300520C9D /* ShareUploadSwiftExt.entitlements */ = {isa = PBXFileReference; lastKnownFileType = text.xml; path = ShareUploadSwiftExt.entitlements; sourceTree = "<group>"; };
/* End PBXFileReference section */

/* Begin PBXFrameworksBuildPhase section */
		FFA5680F19D0958300520C9D /* Frameworks */ = {
			isa = PBXFrameworksBuildPhase;
			buildActionMask = 2147483647;
			files = (
			);
			runOnlyForDeploymentPostprocessing = 0;
		};
		FFA5682419D0958300520C9D /* Frameworks */ = {
			isa = PBXFrameworksBuildPhase;
			buildActionMask = 2147483647;
			files = (
			);
			runOnlyForDeploymentPostprocessing = 0;
		};
		FFA5683819D0959000520C9D /* Frameworks */ = {
			isa = PBXFrameworksBuildPhase;
			buildActionMask = 2147483647;
			files = (
			);
			runOnlyForDeploymentPostprocessing = 0;
		};
/* End PBXFrameworksBuildPhase section */

/* Begin PBXGroup section */
		FFA5680919D0958300520C9D = {
			isa = PBXGroup;
			children = (
				FFA5681419D0958300520C9D /* ShareUploadSwift */,
				FFA5682A19D0958300520C9D /* ShareUploadSwiftTests */,
				FFA5683C19D0959000520C9D /* ShareUploadSwiftExt */,
				FFA5681319D0958300520C9D /* Products */,
			);
			sourceTree = "<group>";
		};
		FFA5681319D0958300520C9D /* Products */ = {
			isa = PBXGroup;
			children = (
				FFA5681219D0958300520C9D /* ShareUploadSwift.app */,
				FFA5682719D0958300520C9D /* ShareUploadSwiftTests.xctest */,
				FFA5683B19D0959000520C9D /* ShareUploadSwiftExt.appex */,
			);
			name = Products;
			sourceTree = "<group>";
		};
		FFA5681419D0958300520C9D /* ShareUploadSwift */ = {
			isa = PBXGroup;
			children = (
				FFA5684C19D0959F00520C9D /* ShareUploadSwift.entitlements */,
				FFA5681719D0958300520C9D /* AppDelegate.swift */,
				FFA5681919D0958300520C9D /* ViewController.swift */,
				FFA5681B19D0958300520C9D /* Main.storyboard */,
				FFA5681E19D0958300520C9D /* Images.xcassets */,
				FFA5682019D0958300520C9D /* LaunchScreen.xib */,
				FFA5681519D0958300520C9D /* Supporting Files */,
			);
			path = ShareUploadSwift;
			sourceTree = "<group>";
		};
		FFA5681519D0958300520C9D /* Supporting Files */ = {
			isa = PBXGroup;
			children = (
				FFA5681619D0958300520C9D /* Info.plist */,
			);
			name = "Supporting Files";
			sourceTree = "<group>";
		};
		FFA5682A19D0958300520C9D /* ShareUploadSwiftTests */ = {
			isa = PBXGroup;
			children = (
				FFA5682D19D0958300520C9D /* ShareUploadSwiftTests.swift */,
				FFA5682B19D0958300520C9D /* Supporting Files */,
			);
			path = ShareUploadSwiftTests;
			sourceTree = "<group>";
		};
		FFA5682B19D0958300520C9D /* Supporting Files */ = {
			isa = PBXGroup;
			children = (
				FFA5682C19D0958300520C9D /* Info.plist */,
			);
			name = "Supporting Files";
			sourceTree = "<group>";
		};
		FFA5683C19D0959000520C9D /* ShareUploadSwiftExt */ = {
			isa = PBXGroup;
			children = (
				FFA5684D19D095B300520C9D /* ShareUploadSwiftExt.entitlements */,
				FFA5683F19D0959000520C9D /* ShareViewController.swift */,
				FFA5684119D0959000520C9D /* MainInterface.storyboard */,
				FFA5683D19D0959000520C9D /* Supporting Files */,
			);
			path = ShareUploadSwiftExt;
			sourceTree = "<group>";
		};
		FFA5683D19D0959000520C9D /* Supporting Files */ = {
			isa = PBXGroup;
			children = (
				FFA5683E19D0959000520C9D /* Info.plist */,
			);
			name = "Supporting Files";
			sourceTree = "<group>";
		};
/* End PBXGroup section */

/* Begin PBXNativeTarget section */
		FFA5681119D0958300520C9D /* ShareUploadSwift */ = {
			isa = PBXNativeTarget;
			buildConfigurationList = FFA5683119D0958300520C9D /* Build configuration list for PBXNativeTarget "ShareUploadSwift" */;
			buildPhases = (
				FFA5680E19D0958300520C9D /* Sources */,
				FFA5680F19D0958300520C9D /* Frameworks */,
				FFA5681019D0958300520C9D /* Resources */,
				FFA5684B19D0959000520C9D /* Embed App Extensions */,
			);
			buildRules = (
			);
			dependencies = (
				FFA5684419D0959000520C9D /* PBXTargetDependency */,
				FFA5684719D0959000520C9D /* PBXTargetDependency */,
			);
			name = ShareUploadSwift;
			productName = ShareUploadSwift;
			productReference = FFA5681219D0958300520C9D /* ShareUploadSwift.app */;
			productType = "com.apple.product-type.application";
		};
		FFA5682619D0958300520C9D /* ShareUploadSwiftTests */ = {
			isa = PBXNativeTarget;
			buildConfigurationList = FFA5683419D0958300520C9D /* Build configuration list for PBXNativeTarget "ShareUploadSwiftTests" */;
			buildPhases = (
				FFA5682319D0958300520C9D /* Sources */,
				FFA5682419D0958300520C9D /* Frameworks */,
				FFA5682519D0958300520C9D /* Resources */,
			);
			buildRules = (
			);
			dependencies = (
				FFA5682919D0958300520C9D /* PBXTargetDependency */,
			);
			name = ShareUploadSwiftTests;
			productName = ShareUploadSwiftTests;
			productReference = FFA5682719D0958300520C9D /* ShareUploadSwiftTests.xctest */;
			productType = "com.apple.product-type.bundle.unit-test";
		};
		FFA5683A19D0959000520C9D /* ShareUploadSwiftExt */ = {
			isa = PBXNativeTarget;
			buildConfigurationList = FFA5684819D0959000520C9D /* Build configuration list for PBXNativeTarget "ShareUploadSwiftExt" */;
			buildPhases = (
				FFA5683719D0959000520C9D /* Sources */,
				FFA5683819D0959000520C9D /* Frameworks */,
				FFA5683919D0959000520C9D /* Resources */,
			);
			buildRules = (
			);
			dependencies = (
			);
			name = ShareUploadSwiftExt;
			productName = ShareUploadSwiftExt;
			productReference = FFA5683B19D0959000520C9D /* ShareUploadSwiftExt.appex */;
			productType = "com.apple.product-type.app-extension";
		};
/* End PBXNativeTarget section */

/* Begin PBXProject section */
		FFA5680A19D0958300520C9D /* Project object */ = {
			isa = PBXProject;
			attributes = {
				LastUpgradeCheck = 0600;
				ORGANIZATIONNAME = "Jeremy Levine";
				TargetAttributes = {
					FFA5681119D0958300520C9D = {
						CreatedOnToolsVersion = 6.0.1;
						DevelopmentTeam = DSK88AV9JX;
						SystemCapabilities = {
							com.apple.ApplicationGroups.iOS = {
								enabled = 1;
							};
						};
					};
					FFA5682619D0958300520C9D = {
						CreatedOnToolsVersion = 6.0.1;
						TestTargetID = FFA5681119D0958300520C9D;
					};
					FFA5683A19D0959000520C9D = {
						CreatedOnToolsVersion = 6.0.1;
						DevelopmentTeam = DSK88AV9JX;
						SystemCapabilities = {
							com.apple.ApplicationGroups.iOS = {
								enabled = 1;
							};
						};
					};
				};
			};
			buildConfigurationList = FFA5680D19D0958300520C9D /* Build configuration list for PBXProject "ShareUploadSwift" */;
			compatibilityVersion = "Xcode 3.2";
			developmentRegion = English;
			hasScannedForEncodings = 0;
			knownRegions = (
				en,
				Base,
			);
			mainGroup = FFA5680919D0958300520C9D;
			productRefGroup = FFA5681319D0958300520C9D /* Products */;
			projectDirPath = "";
			projectRoot = "";
			targets = (
				FFA5681119D0958300520C9D /* ShareUploadSwift */,
				FFA5682619D0958300520C9D /* ShareUploadSwiftTests */,
				FFA5683A19D0959000520C9D /* ShareUploadSwiftExt */,
			);
		};
/* End PBXProject section */

/* Begin PBXResourcesBuildPhase section */
		FFA5681019D0958300520C9D /* Resources */ = {
			isa = PBXResourcesBuildPhase;
			buildActionMask = 2147483647;
			files = (
				FFA5681D19D0958300520C9D /* Main.storyboard in Resources */,
				FFA5682219D0958300520C9D /* LaunchScreen.xib in Resources */,
				FFA5681F19D0958300520C9D /* Images.xcassets in Resources */,
			);
			runOnlyForDeploymentPostprocessing = 0;
		};
		FFA5682519D0958300520C9D /* Resources */ = {
			isa = PBXResourcesBuildPhase;
			buildActionMask = 2147483647;
			files = (
			);
			runOnlyForDeploymentPostprocessing = 0;
		};
		FFA5683919D0959000520C9D /* Resources */ = {
			isa = PBXResourcesBuildPhase;
			buildActionMask = 2147483647;
			files = (
				FFA5684219D0959000520C9D /* MainInterface.storyboard in Resources */,
			);
			runOnlyForDeploymentPostprocessing = 0;
		};
/* End PBXResourcesBuildPhase section */

/* Begin PBXSourcesBuildPhase section */
		FFA5680E19D0958300520C9D /* Sources */ = {
			isa = PBXSourcesBuildPhase;
			buildActionMask = 2147483647;
			files = (
				FFA5681A19D0958300520C9D /* ViewController.swift in Sources */,
				FFA5681819D0958300520C9D /* AppDelegate.swift in Sources */,
			);
			runOnlyForDeploymentPostprocessing = 0;
		};
		FFA5682319D0958300520C9D /* Sources */ = {
			isa = PBXSourcesBuildPhase;
			buildActionMask = 2147483647;
			files = (
				FFA5682E19D0958300520C9D /* ShareUploadSwiftTests.swift in Sources */,
			);
			runOnlyForDeploymentPostprocessing = 0;
		};
		FFA5683719D0959000520C9D /* Sources */ = {
			isa = PBXSourcesBuildPhase;
			buildActionMask = 2147483647;
			files = (
				FFA5684019D0959000520C9D /* ShareViewController.swift in Sources */,
			);
			runOnlyForDeploymentPostprocessing = 0;
		};
/* End PBXSourcesBuildPhase section */

/* Begin PBXTargetDependency section */
		FFA5682919D0958300520C9D /* PBXTargetDependency */ = {
			isa = PBXTargetDependency;
			target = FFA5681119D0958300520C9D /* ShareUploadSwift */;
			targetProxy = FFA5682819D0958300520C9D /* PBXContainerItemProxy */;
		};
		FFA5684419D0959000520C9D /* PBXTargetDependency */ = {
			isa = PBXTargetDependency;
			target = FFA5683A19D0959000520C9D /* ShareUploadSwiftExt */;
			targetProxy = FFA5684319D0959000520C9D /* PBXContainerItemProxy */;
		};
		FFA5684719D0959000520C9D /* PBXTargetDependency */ = {
			isa = PBXTargetDependency;
			target = FFA5683A19D0959000520C9D /* ShareUploadSwiftExt */;
			targetProxy = FFA5684619D0959000520C9D /* PBXContainerItemProxy */;
		};
/* End PBXTargetDependency section */

/* Begin PBXVariantGroup section */
		FFA5681B19D0958300520C9D /* Main.storyboard */ = {
			isa = PBXVariantGroup;
			children = (
				FFA5681C19D0958300520C9D /* Base */,
			);
			name = Main.storyboard;
			sourceTree = "<group>";
		};
		FFA5682019D0958300520C9D /* LaunchScreen.xib */ = {
			isa = PBXVariantGroup;
			children = (
				FFA5682119D0958300520C9D /* Base */,
			);
			name = LaunchScreen.xib;
			sourceTree = "<group>";
		};
/* End PBXVariantGroup section */

/* Begin XCBuildConfiguration section */
		FFA5682F19D0958300520C9D /* Debug */ = {
			isa = XCBuildConfiguration;
			buildSettings = {
				ALWAYS_SEARCH_USER_PATHS = NO;
				CLANG_CXX_LANGUAGE_STANDARD = "gnu++0x";
				CLANG_CXX_LIBRARY = "libc++";
				CLANG_ENABLE_MODULES = YES;
				CLANG_ENABLE_OBJC_ARC = YES;
				CLANG_WARN_BOOL_CONVERSION = YES;
				CLANG_WARN_CONSTANT_CONVERSION = YES;
				CLANG_WARN_DIRECT_OBJC_ISA_USAGE = YES_ERROR;
				CLANG_WARN_EMPTY_BODY = YES;
				CLANG_WARN_ENUM_CONVERSION = YES;
				CLANG_WARN_INT_CONVERSION = YES;
				CLANG_WARN_OBJC_ROOT_CLASS = YES_ERROR;
				CLANG_WARN_UNREACHABLE_CODE = YES;
				CLANG_WARN__DUPLICATE_METHOD_MATCH = YES;
				"CODE_SIGN_IDENTITY[sdk=iphoneos*]" = "iPhone Developer";
				COPY_PHASE_STRIP = NO;
				ENABLE_STRICT_OBJC_MSGSEND = YES;
				GCC_C_LANGUAGE_STANDARD = gnu99;
				GCC_DYNAMIC_NO_PIC = NO;
				GCC_OPTIMIZATION_LEVEL = 0;
				GCC_PREPROCESSOR_DEFINITIONS = (
					"DEBUG=1",
					"$(inherited)",
				);
				GCC_SYMBOLS_PRIVATE_EXTERN = NO;
				GCC_WARN_64_TO_32_BIT_CONVERSION = YES;
				GCC_WARN_ABOUT_RETURN_TYPE = YES_ERROR;
				GCC_WARN_UNDECLARED_SELECTOR = YES;
				GCC_WARN_UNINITIALIZED_AUTOS = YES_AGGRESSIVE;
				GCC_WARN_UNUSED_FUNCTION = YES;
				GCC_WARN_UNUSED_VARIABLE = YES;
				IPHONEOS_DEPLOYMENT_TARGET = 8.0;
				MTL_ENABLE_DEBUG_INFO = YES;
				ONLY_ACTIVE_ARCH = YES;
				SDKROOT = iphoneos;
				SWIFT_OPTIMIZATION_LEVEL = "-Onone";
			};
			name = Debug;
		};
		FFA5683019D0958300520C9D /* Release */ = {
			isa = XCBuildConfiguration;
			buildSettings = {
				ALWAYS_SEARCH_USER_PATHS = NO;
				CLANG_CXX_LANGUAGE_STANDARD = "gnu++0x";
				CLANG_CXX_LIBRARY = "libc++";
				CLANG_ENABLE_MODULES = YES;
				CLANG_ENABLE_OBJC_ARC = YES;
				CLANG_WARN_BOOL_CONVERSION = YES;
				CLANG_WARN_CONSTANT_CONVERSION = YES;
				CLANG_WARN_DIRECT_OBJC_ISA_USAGE = YES_ERROR;
				CLANG_WARN_EMPTY_BODY = YES;
				CLANG_WARN_ENUM_CONVERSION = YES;
				CLANG_WARN_INT_CONVERSION = YES;
				CLANG_WARN_OBJC_ROOT_CLASS = YES_ERROR;
				CLANG_WARN_UNREACHABLE_CODE = YES;
				CLANG_WARN__DUPLICATE_METHOD_MATCH = YES;
				"CODE_SIGN_IDENTITY[sdk=iphoneos*]" = "iPhone Developer";
				COPY_PHASE_STRIP = YES;
				ENABLE_NS_ASSERTIONS = NO;
				ENABLE_STRICT_OBJC_MSGSEND = YES;
				GCC_C_LANGUAGE_STANDARD = gnu99;
				GCC_WARN_64_TO_32_BIT_CONVERSION = YES;
				GCC_WARN_ABOUT_RETURN_TYPE = YES_ERROR;
				GCC_WARN_UNDECLARED_SELECTOR = YES;
				GCC_WARN_UNINITIALIZED_AUTOS = YES_AGGRESSIVE;
				GCC_WARN_UNUSED_FUNCTION = YES;
				GCC_WARN_UNUSED_VARIABLE = YES;
				IPHONEOS_DEPLOYMENT_TARGET = 8.0;
				MTL_ENABLE_DEBUG_INFO = NO;
				SDKROOT = iphoneos;
				VALIDATE_PRODUCT = YES;
			};
			name = Release;
		};
		FFA5683219D0958300520C9D /* Debug */ = {
			isa = XCBuildConfiguration;
			buildSettings = {
				ASSETCATALOG_COMPILER_APPICON_NAME = AppIcon;
				CODE_SIGN_ENTITLEMENTS = ShareUploadSwift/ShareUploadSwift.entitlements;
				CODE_SIGN_IDENTITY = "iPhone Developer";
				"CODE_SIGN_IDENTITY[sdk=iphoneos*]" = "iPhone Developer";
				INFOPLIST_FILE = ShareUploadSwift/Info.plist;
				LD_RUNPATH_SEARCH_PATHS = "$(inherited) @executable_path/Frameworks";
				PRODUCT_NAME = "$(TARGET_NAME)";
				PROVISIONING_PROFILE = "";
			};
			name = Debug;
		};
		FFA5683319D0958300520C9D /* Release */ = {
			isa = XCBuildConfiguration;
			buildSettings = {
				ASSETCATALOG_COMPILER_APPICON_NAME = AppIcon;
				CODE_SIGN_ENTITLEMENTS = ShareUploadSwift/ShareUploadSwift.entitlements;
				CODE_SIGN_IDENTITY = "iPhone Developer";
				"CODE_SIGN_IDENTITY[sdk=iphoneos*]" = "iPhone Developer";
				INFOPLIST_FILE = ShareUploadSwift/Info.plist;
				LD_RUNPATH_SEARCH_PATHS = "$(inherited) @executable_path/Frameworks";
				PRODUCT_NAME = "$(TARGET_NAME)";
				PROVISIONING_PROFILE = "";
			};
			name = Release;
		};
		FFA5683519D0958300520C9D /* Debug */ = {
			isa = XCBuildConfiguration;
			buildSettings = {
				BUNDLE_LOADER = "$(TEST_HOST)";
				FRAMEWORK_SEARCH_PATHS = (
					"$(SDKROOT)/Developer/Library/Frameworks",
					"$(inherited)",
				);
				GCC_PREPROCESSOR_DEFINITIONS = (
					"DEBUG=1",
					"$(inherited)",
				);
				INFOPLIST_FILE = ShareUploadSwiftTests/Info.plist;
				LD_RUNPATH_SEARCH_PATHS = "$(inherited) @executable_path/Frameworks @loader_path/Frameworks";
				PRODUCT_NAME = "$(TARGET_NAME)";
				TEST_HOST = "$(BUILT_PRODUCTS_DIR)/ShareUploadSwift.app/ShareUploadSwift";
			};
			name = Debug;
		};
		FFA5683619D0958300520C9D /* Release */ = {
			isa = XCBuildConfiguration;
			buildSettings = {
				BUNDLE_LOADER = "$(TEST_HOST)";
				FRAMEWORK_SEARCH_PATHS = (
					"$(SDKROOT)/Developer/Library/Frameworks",
					"$(inherited)",
				);
				INFOPLIST_FILE = ShareUploadSwiftTests/Info.plist;
				LD_RUNPATH_SEARCH_PATHS = "$(inherited) @executable_path/Frameworks @loader_path/Frameworks";
				PRODUCT_NAME = "$(TARGET_NAME)";
				TEST_HOST = "$(BUILT_PRODUCTS_DIR)/ShareUploadSwift.app/ShareUploadSwift";
			};
			name = Release;
		};
		FFA5684919D0959000520C9D /* Debug */ = {
			isa = XCBuildConfiguration;
			buildSettings = {
				CODE_SIGN_ENTITLEMENTS = ShareUploadSwiftExt/ShareUploadSwiftExt.entitlements;
				CODE_SIGN_IDENTITY = "iPhone Developer";
				"CODE_SIGN_IDENTITY[sdk=iphoneos*]" = "iPhone Developer";
				GCC_PREPROCESSOR_DEFINITIONS = (
					"DEBUG=1",
					"$(inherited)",
				);
				INFOPLIST_FILE = ShareUploadSwiftExt/Info.plist;
				LD_RUNPATH_SEARCH_PATHS = "$(inherited) @executable_path/Frameworks @executable_path/../../Frameworks";
				PRODUCT_NAME = "$(TARGET_NAME)";
				PROVISIONING_PROFILE = "";
				SKIP_INSTALL = YES;
			};
			name = Debug;
		};
		FFA5684A19D0959000520C9D /* Release */ = {
			isa = XCBuildConfiguration;
			buildSettings = {
				CODE_SIGN_ENTITLEMENTS = ShareUploadSwiftExt/ShareUploadSwiftExt.entitlements;
				CODE_SIGN_IDENTITY = "iPhone Developer";
				"CODE_SIGN_IDENTITY[sdk=iphoneos*]" = "iPhone Developer";
				INFOPLIST_FILE = ShareUploadSwiftExt/Info.plist;
				LD_RUNPATH_SEARCH_PATHS = "$(inherited) @executable_path/Frameworks @executable_path/../../Frameworks";
				PRODUCT_NAME = "$(TARGET_NAME)";
				PROVISIONING_PROFILE = "";
				SKIP_INSTALL = YES;
			};
			name = Release;
		};
/* End XCBuildConfiguration section */

/* Begin XCConfigurationList section */
		FFA5680D19D0958300520C9D /* Build configuration list for PBXProject "ShareUploadSwift" */ = {
			isa = XCConfigurationList;
			buildConfigurations = (
				FFA5682F19D0958300520C9D /* Debug */,
				FFA5683019D0958300520C9D /* Release */,
			);
			defaultConfigurationIsVisible = 0;
			defaultConfigurationName = Release;
		};
		FFA5683119D0958300520C9D /* Build configuration list for PBXNativeTarget "ShareUploadSwift" */ = {
			isa = XCConfigurationList;
			buildConfigurations = (
				FFA5683219D0958300520C9D /* Debug */,
				FFA5683319D0958300520C9D /* Release */,
			);
			defaultConfigurationIsVisible = 0;
		};
		FFA5683419D0958300520C9D /* Build configuration list for PBXNativeTarget "ShareUploadSwiftTests" */ = {
			isa = XCConfigurationList;
			buildConfigurations = (
				FFA5683519D0958300520C9D /* Debug */,
				FFA5683619D0958300520C9D /* Release */,
			);
			defaultConfigurationIsVisible = 0;
		};
		FFA5684819D0959000520C9D /* Build configuration list for PBXNativeTarget "ShareUploadSwiftExt" */ = {
			isa = XCConfigurationList;
			buildConfigurations = (
				FFA5684919D0959000520C9D /* Debug */,
				FFA5684A19D0959000520C9D /* Release */,
			);
			defaultConfigurationIsVisible = 0;
		};
/* End XCConfigurationList section */
	};
	rootObject = FFA5680A19D0958300520C9D /* Project object */;
}
